{
  "name": "typescript-go-issue-929",
  "lockfileVersion": 2,
  "requires": true,
  "packages": {
    "": {
      "devDependencies": {
        "@typescript/native-preview": "^7.0.0-dev.20250610.1",
        "typescript": "^5.8.3"
      }
    },
    "node_modules/@typescript/native-preview": {
      "version": "7.0.0-dev.20250610.1",
      "resolved": "https://registry.npmjs.org/@typescript/native-preview/-/native-preview-7.0.0-dev.20250610.1.tgz",
      "integrity": "sha512-cQZQbrikf/Gg818dyCbtWu/VZ7S8hu61tIIxlVhOxj9PHJS+FouZD6axGO5fHrexl88Rc+BklRNv1t8k6zl1/Q==",
      "dev": true,
      "bin": {
        "tsgo": "bin/tsgo.js"
      },
      "engines": {
        "node": ">=20.6.0"
      },
      "optionalDependencies": {
        "@typescript/native-preview-darwin-arm64": "7.0.0-dev.20250610.1",
        "@typescript/native-preview-darwin-x64": "7.0.0-dev.20250610.1",
        "@typescript/native-preview-linux-arm": "7.0.0-dev.20250610.1",
        "@typescript/native-preview-linux-arm64": "7.0.0-dev.20250610.1",
        "@typescript/native-preview-linux-x64": "7.0.0-dev.20250610.1",
        "@typescript/native-preview-win32-arm64": "7.0.0-dev.20250610.1",
        "@typescript/native-preview-win32-x64": "7.0.0-dev.20250610.1"
      }
    },
    "node_modules/@typescript/native-preview-darwin-arm64": {
      "version": "7.0.0-dev.20250610.1",
      "resolved": "https://registry.npmjs.org/@typescript/native-preview-darwin-arm64/-/native-preview-darwin-arm64-7.0.0-dev.20250610.1.tgz",
      "integrity": "sha512-75yXY7eOkFP+bjva3O08sDnJucyJNJfP9iPXf6GnXJ/IBDK5Cqv8il+3eVkwPPPL0XqCSKi/+2yHjk4Btgt0QQ==",
      "cpu": [
        "arm64"
      ],
      "dev": true,
      "optional": true,
      "os": [
        "darwin"
      ],
      "engines": {
        "node": ">=20.6.0"
      }
    },
    "node_modules/@typescript/native-preview-darwin-x64": {
      "version": "7.0.0-dev.20250610.1",
      "resolved": "https://registry.npmjs.org/@typescript/native-preview-darwin-x64/-/native-preview-darwin-x64-7.0.0-dev.20250610.1.tgz",
      "integrity": "sha512-oViiuRpI6DPorKQ7Y285CD8camFF46VQmSqIHmIsZHt0NPeiXW5w7MTZNF3yEKkmv/1uy6uxHJ7i6Ud5rSSt+g==",
      "cpu": [
        "x64"
      ],
      "dev": true,
      "optional": true,
      "os": [
        "darwin"
      ],
      "engines": {
        "node": ">=20.6.0"
      }
    },
    "node_modules/@typescript/native-preview-linux-arm": {
      "version": "7.0.0-dev.20250610.1",
      "resolved": "https://registry.npmjs.org/@typescript/native-preview-linux-arm/-/native-preview-linux-arm-7.0.0-dev.20250610.1.tgz",
      "integrity": "sha512-/Hg2jbFtEJFkags/bfHSqYX9clpd8oQXZoROoDpiIeiIMD1/1bn6xhOYrM1sKaG7f/Efs9PMocWpCeup9GSpTA==",
      "cpu": [
        "arm"
      ],
      "dev": true,
      "optional": true,
      "os": [
        "linux"
      ],
      "engines": {
        "node": ">=20.6.0"
      }
    },
    "node_modules/@typescript/native-preview-linux-arm64": {
      "version": "7.0.0-dev.20250610.1",
      "resolved": "https://registry.npmjs.org/@typescript/native-preview-linux-arm64/-/native-preview-linux-arm64-7.0.0-dev.20250610.1.tgz",
      "integrity": "sha512-t7N3BlonNZcB0mcFLpak0s5SysqrIgi+qxrMv0HKygyXIXKBycfKn6q509fLw0bosjvWA+ZSDz30tSfZb4x7lQ==",
      "cpu": [
        "arm64"
      ],
      "dev": true,
      "optional": true,
      "os": [
        "linux"
      ],
      "engines": {
        "node": ">=20.6.0"
      }
    },
    "node_modules/@typescript/native-preview-linux-x64": {
      "version": "7.0.0-dev.20250610.1",
      "resolved": "https://registry.npmjs.org/@typescript/native-preview-linux-x64/-/native-preview-linux-x64-7.0.0-dev.20250610.1.tgz",
      "integrity": "sha512-xelNepvxET8z1v0FXbvNmW9KHe/+KmM9oSXgxcmDt01ym9buebAXV67QWOMhf1YiiAt8HdsIDWeOnsHgcgXKAQ==",
      "cpu": [
        "x64"
      ],
      "dev": true,
      "optional": true,
      "os": [
        "linux"
      ],
      "engines": {
        "node": ">=20.6.0"
      }
    },
    "node_modules/@typescript/native-preview-win32-arm64": {
      "version": "7.0.0-dev.20250610.1",
      "resolved": "https://registry.npmjs.org/@typescript/native-preview-win32-arm64/-/native-preview-win32-arm64-7.0.0-dev.20250610.1.tgz",
      "integrity": "sha512-Bkxi5vYgLeCxSFSnGDTcWpPDBNj1xk92iOd1JhqXRFULFye5Q5diJOVRIrV9IZFWs0veM52Alse09hwK2suBkw==",
      "cpu": [
        "arm64"
      ],
      "dev": true,
      "optional": true,
      "os": [
        "win32"
      ],
      "engines": {
        "node": ">=20.6.0"
      }
    },
    "node_modules/@typescript/native-preview-win32-x64": {
      "version": "7.0.0-dev.20250610.1",
      "resolved": "https://registry.npmjs.org/@typescript/native-preview-win32-x64/-/native-preview-win32-x64-7.0.0-dev.20250610.1.tgz",
      "integrity": "sha512-RlmpWZIYYv9wzjgMwVw8iuh7OqGtUt6V7+1dHTrhIoSqjm4CumoV7tK9AX69yzcbM1UPk44C/xHpDbVnqouF1g==",
      "cpu": [
        "x64"
      ],
      "dev": true,
      "optional": true,
      "os": [
        "win32"
      ],
      "engines": {
        "node": ">=20.6.0"
      }
    },
    "node_modules/typescript": {
      "version": "5.8.3",
      "resolved": "https://registry.npmjs.org/typescript/-/typescript-5.8.3.tgz",
      "integrity": "sha512-p1diW6TqL9L07nNxvRMM7hMMw4c5XOo/1ibL4aAIGmSAt9slTE1Xgw5KWuof2uTOvCg9BY7ZRi+GaF+7sfgPeQ==",
      "dev": true,
      "bin": {
        "tsc": "bin/tsc",
        "tsserver": "bin/tsserver"
      },
      "engines": {
        "node": ">=14.17"
      }
    }
  },
  "dependencies": {
    "@typescript/native-preview": {
      "version": "7.0.0-dev.20250610.1",
      "resolved": "https://registry.npmjs.org/@typescript/native-preview/-/native-preview-7.0.0-dev.20250610.1.tgz",
      "integrity": "sha512-cQZQbrikf/Gg818dyCbtWu/VZ7S8hu61tIIxlVhOxj9PHJS+FouZD6axGO5fHrexl88Rc+BklRNv1t8k6zl1/Q==",
      "dev": true,
      "requires": {
        "@typescript/native-preview-darwin-arm64": "7.0.0-dev.20250610.1",
        "@typescript/native-preview-darwin-x64": "7.0.0-dev.20250610.1",
        "@typescript/native-preview-linux-arm": "7.0.0-dev.20250610.1",
        "@typescript/native-preview-linux-arm64": "7.0.0-dev.20250610.1",
        "@typescript/native-preview-linux-x64": "7.0.0-dev.20250610.1",
        "@typescript/native-preview-win32-arm64": "7.0.0-dev.20250610.1",
        "@typescript/native-preview-win32-x64": "7.0.0-dev.20250610.1"
      }
    },
    "@typescript/native-preview-darwin-arm64": {
      "version": "7.0.0-dev.20250610.1",
      "resolved": "https://registry.npmjs.org/@typescript/native-preview-darwin-arm64/-/native-preview-darwin-arm64-7.0.0-dev.20250610.1.tgz",
      "integrity": "sha512-75yXY7eOkFP+bjva3O08sDnJucyJNJfP9iPXf6GnXJ/IBDK5Cqv8il+3eVkwPPPL0XqCSKi/+2yHjk4Btgt0QQ==",
      "dev": true,
      "optional": true
    },
    "@typescript/native-preview-darwin-x64": {
      "version": "7.0.0-dev.20250610.1",
      "resolved": "https://registry.npmjs.org/@typescript/native-preview-darwin-x64/-/native-preview-darwin-x64-7.0.0-dev.20250610.1.tgz",
      "integrity": "sha512-oViiuRpI6DPorKQ7Y285CD8camFF46VQmSqIHmIsZHt0NPeiXW5w7MTZNF3yEKkmv/1uy6uxHJ7i6Ud5rSSt+g==",
      "dev": true,
      "optional": true
    },
    "@typescript/native-preview-linux-arm": {
      "version": "7.0.0-dev.20250610.1",
      "resolved": "https://registry.npmjs.org/@typescript/native-preview-linux-arm/-/native-preview-linux-arm-7.0.0-dev.20250610.1.tgz",
      "integrity": "sha512-/Hg2jbFtEJFkags/bfHSqYX9clpd8oQXZoROoDpiIeiIMD1/1bn6xhOYrM1sKaG7f/Efs9PMocWpCeup9GSpTA==",
      "dev": true,
      "optional": true
    },
    "@typescript/native-preview-linux-arm64": {
      "version": "7.0.0-dev.20250610.1",
      "resolved": "https://registry.npmjs.org/@typescript/native-preview-linux-arm64/-/native-preview-linux-arm64-7.0.0-dev.20250610.1.tgz",
      "integrity": "sha512-t7N3BlonNZcB0mcFLpak0s5SysqrIgi+qxrMv0HKygyXIXKBycfKn6q509fLw0bosjvWA+ZSDz30tSfZb4x7lQ==",
      "dev": true,
      "optional": true
    },
    "@typescript/native-preview-linux-x64": {
      "version": "7.0.0-dev.20250610.1",
      "resolved": "https://registry.npmjs.org/@typescript/native-preview-linux-x64/-/native-preview-linux-x64-7.0.0-dev.20250610.1.tgz",
      "integrity": "sha512-xelNepvxET8z1v0FXbvNmW9KHe/+KmM9oSXgxcmDt01ym9buebAXV67QWOMhf1YiiAt8HdsIDWeOnsHgcgXKAQ==",
      "dev": true,
      "optional": true
    },
    "@typescript/native-preview-win32-arm64": {
      "version": "7.0.0-dev.20250610.1",
      "resolved": "https://registry.npmjs.org/@typescript/native-preview-win32-arm64/-/native-preview-win32-arm64-7.0.0-dev.20250610.1.tgz",
      "integrity": "sha512-Bkxi5vYgLeCxSFSnGDTcWpPDBNj1xk92iOd1JhqXRFULFye5Q5diJOVRIrV9IZFWs0veM52Alse09hwK2suBkw==",
      "dev": true,
      "optional": true
    },
    "@typescript/native-preview-win32-x64": {
      "version": "7.0.0-dev.20250610.1",
      "resolved": "https://registry.npmjs.org/@typescript/native-preview-win32-x64/-/native-preview-win32-x64-7.0.0-dev.20250610.1.tgz",
      "integrity": "sha512-RlmpWZIYYv9wzjgMwVw8iuh7OqGtUt6V7+1dHTrhIoSqjm4CumoV7tK9AX69yzcbM1UPk44C/xHpDbVnqouF1g==",
      "dev": true,
      "optional": true
    },
    "typescript": {
      "version": "5.8.3",
      "resolved": "https://registry.npmjs.org/typescript/-/typescript-5.8.3.tgz",
      "integrity": "sha512-p1diW6TqL9L07nNxvRMM7hMMw4c5XOo/1ibL4aAIGmSAt9slTE1Xgw5KWuof2uTOvCg9BY7ZRi+GaF+7sfgPeQ==",
      "dev": true
    }
  }
}
